
Microsoft Visual Studio Solution File, Format Version 12.00
# Visual Studio Version 17
VisualStudioVersion = 17.4.33122.133
MinimumVisualStudioVersion = 10.0.40219.1
Project("{FAE04EC0-301F-11D3-BF4B-00C04F79EFBC}") = "CurrencyRate.PublicApi", "CurrencyRate\CurrencyRate.PublicApi.csproj", "{242BEEB6-105A-4A34-8D60-7AB6FE83D74D}"
EndProject
Project("{FAE04EC0-301F-11D3-BF4B-00C04F79EFBC}") = "CurrencyRate.Service", "CurrencyRate.Service\CurrencyRate.Service.csproj", "{BB071E1C-FD39-405B-8100-4E1531AA43A1}"
EndProject
Project("{FAE04EC0-301F-11D3-BF4B-00C04F79EFBC}") = "CurrencyRate.Model", "CurrencyRate.Model\CurrencyRate.Model.csproj", "{439E95E3-C4F1-4606-B11A-984CB036A992}"
EndProject
Global
	GlobalSection(SolutionConfigurationPlatforms) = preSolution
		Debug|Any CPU = Debug|Any CPU
		Release|Any CPU = Release|Any CPU
	EndGlobalSection
	GlobalSection(ProjectConfigurationPlatforms) = postSolution
		{242BEEB6-105A-4A34-8D60-7AB6FE83D74D}.Debug|Any CPU.ActiveCfg = Debug|Any CPU
		{242BEEB6-105A-4A34-8D60-7AB6FE83D74D}.Debug|Any CPU.Build.0 = Debug|Any CPU
		{242BEEB6-105A-4A34-8D60-7AB6FE83D74D}.Release|Any CPU.ActiveCfg = Release|Any CPU
		{242BEEB6-105A-4A34-8D60-7AB6FE83D74D}.Release|Any CPU.Build.0 = Release|Any CPU
		{BB071E1C-FD39-405B-8100-4E1531AA43A1}.Debug|Any CPU.ActiveCfg = Debug|Any CPU
		{BB071E1C-FD39-405B-8100-4E1531AA43A1}.Debug|Any CPU.Build.0 = Debug|Any CPU
		{BB071E1C-FD39-405B-8100-4E1531AA43A1}.Release|Any CPU.ActiveCfg = Release|Any CPU
		{BB071E1C-FD39-405B-8100-4E1531AA43A1}.Release|Any CPU.Build.0 = Release|Any CPU
		{439E95E3-C4F1-4606-B11A-984CB036A992}.Debug|Any CPU.ActiveCfg = Debug|Any CPU
		{439E95E3-C4F1-4606-B11A-984CB036A992}.Debug|Any CPU.Build.0 = Debug|Any CPU
		{439E95E3-C4F1-4606-B11A-984CB036A992}.Release|Any CPU.ActiveCfg = Release|Any CPU
		{439E95E3-C4F1-4606-B11A-984CB036A992}.Release|Any CPU.Build.0 = Release|Any CPU
	EndGlobalSection
	GlobalSection(SolutionProperties) = preSolution
		HideSolutionNode = FALSE
	EndGlobalSection
	GlobalSection(ExtensibilityGlobals) = postSolution
		SolutionGuid = {4A2BED8C-D2B8-433B-B433-AB8AD728C6F1}
	EndGlobalSection
EndGlobal
